
Microsoft Visual Studio Solution File, Format Version 12.00
# Visual Studio Version 17
VisualStudioVersion = 17.2.32519.379
MinimumVisualStudioVersion = 10.0.40219.1
Project("{FAE04EC0-301F-11D3-BF4B-00C04F79EFBC}") = "LoginMenu", "LoginMenu\LoginMenu.csproj", "{BE3C0997-2753-41E7-B641-55BC1FB41EA6}"
EndProject
Global
	GlobalSection(SolutionConfigurationPlatforms) = preSolution
		Debug|Any CPU = Debug|Any CPU
		Release|Any CPU = Release|Any CPU
	EndGlobalSection
	GlobalSection(ProjectConfigurationPlatforms) = postSolution
		{BE3C0997-2753-41E7-B641-55BC1FB41EA6}.Debug|Any CPU.ActiveCfg = Debug|Any CPU
		{BE3C0997-2753-41E7-B641-55BC1FB41EA6}.Debug|Any CPU.Build.0 = Debug|Any CPU
		{BE3C0997-2753-41E7-B641-55BC1FB41EA6}.Release|Any CPU.ActiveCfg = Release|Any CPU
		{BE3C0997-2753-41E7-B641-55BC1FB41EA6}.Release|Any CPU.Build.0 = Release|Any CPU
	EndGlobalSection
	GlobalSection(SolutionProperties) = preSolution
		HideSolutionNode = FALSE
	EndGlobalSection
	GlobalSection(ExtensibilityGlobals) = postSolution
		SolutionGuid = {F4175C4F-81BB-4344-B9D8-84834872C698}
	EndGlobalSection
EndGlobal
